
Microsoft Visual Studio Solution File, Format Version 12.00
# Visual Studio Version 17
VisualStudioVersion = 17.1.32328.378
MinimumVisualStudioVersion = 10.0.40219.1
Project("{FAE04EC0-301F-11D3-BF4B-00C04F79EFBC}") = "laba2", "laba2.csproj", "{F5B90B5E-6933-4FE8-BF7C-0906E18D7E6B}"
EndProject
Global
	GlobalSection(SolutionConfigurationPlatforms) = preSolution
		Debug|Any CPU = Debug|Any CPU
		Release|Any CPU = Release|Any CPU
	EndGlobalSection
	GlobalSection(ProjectConfigurationPlatforms) = postSolution
		{F5B90B5E-6933-4FE8-BF7C-0906E18D7E6B}.Debug|Any CPU.ActiveCfg = Debug|Any CPU
		{F5B90B5E-6933-4FE8-BF7C-0906E18D7E6B}.Debug|Any CPU.Build.0 = Debug|Any CPU
		{F5B90B5E-6933-4FE8-BF7C-0906E18D7E6B}.Release|Any CPU.ActiveCfg = Release|Any CPU
		{F5B90B5E-6933-4FE8-BF7C-0906E18D7E6B}.Release|Any CPU.Build.0 = Release|Any CPU
	EndGlobalSection
	GlobalSection(SolutionProperties) = preSolution
		HideSolutionNode = FALSE
	EndGlobalSection
	GlobalSection(ExtensibilityGlobals) = postSolution
		SolutionGuid = {EE728751-2C95-4455-B945-58EA1648AFD0}
	EndGlobalSection
EndGlobal
